
Microsoft Visual Studio Solution File, Format Version 12.00
# Visual Studio Version 16
VisualStudioVersion = 16.0.29306.81
MinimumVisualStudioVersion = 10.0.40219.1
Project("{FAE04EC0-301F-11D3-BF4B-00C04F79EFBC}") = "KaysStore", "KaysStore\KaysStore.csproj", "{0373A1EF-4919-4F97-B4C8-A82B4F4DC749}"
EndProject
Global
	GlobalSection(SolutionConfigurationPlatforms) = preSolution
		Debug|Any CPU = Debug|Any CPU
		Release|Any CPU = Release|Any CPU
	EndGlobalSection
	GlobalSection(ProjectConfigurationPlatforms) = postSolution
		{0373A1EF-4919-4F97-B4C8-A82B4F4DC749}.Debug|Any CPU.ActiveCfg = Debug|Any CPU
		{0373A1EF-4919-4F97-B4C8-A82B4F4DC749}.Debug|Any CPU.Build.0 = Debug|Any CPU
		{0373A1EF-4919-4F97-B4C8-A82B4F4DC749}.Release|Any CPU.ActiveCfg = Release|Any CPU
		{0373A1EF-4919-4F97-B4C8-A82B4F4DC749}.Release|Any CPU.Build.0 = Release|Any CPU
	EndGlobalSection
	GlobalSection(SolutionProperties) = preSolution
		HideSolutionNode = FALSE
	EndGlobalSection
	GlobalSection(ExtensibilityGlobals) = postSolution
		SolutionGuid = {0BB3522F-4856-4346-820C-BA77F6295183}
	EndGlobalSection
EndGlobal
